
Microsoft Visual Studio Solution File, Format Version 12.00
# Visual Studio Version 16
VisualStudioVersion = 16.0.28922.388
MinimumVisualStudioVersion = 10.0.40219.1
Project("{FAE04EC0-301F-11D3-BF4B-00C04F79EFBC}") = "OPIDDaily", "OPIDDaily\OPIDDaily.csproj", "{A9ECE01C-8E94-4798-B40E-A5AACB69576C}"
EndProject
Project("{2150E333-8FDC-42A3-9474-1A3956D46DE8}") = "Solution Items", "Solution Items", "{32CB43F1-909A-439A-ADEF-329C03DC79A6}"
EndProject
Global
	GlobalSection(SolutionConfigurationPlatforms) = preSolution
		Debug|Any CPU = Debug|Any CPU
		Release|Any CPU = Release|Any CPU
		Staging|Any CPU = Staging|Any CPU
		Training|Any CPU = Training|Any CPU
	EndGlobalSection
	GlobalSection(ProjectConfigurationPlatforms) = postSolution
		{A9ECE01C-8E94-4798-B40E-A5AACB69576C}.Debug|Any CPU.ActiveCfg = Debug|Any CPU
		{A9ECE01C-8E94-4798-B40E-A5AACB69576C}.Debug|Any CPU.Build.0 = Debug|Any CPU
		{A9ECE01C-8E94-4798-B40E-A5AACB69576C}.Release|Any CPU.ActiveCfg = Release|Any CPU
		{A9ECE01C-8E94-4798-B40E-A5AACB69576C}.Release|Any CPU.Build.0 = Release|Any CPU
		{A9ECE01C-8E94-4798-B40E-A5AACB69576C}.Staging|Any CPU.ActiveCfg = Staging|Any CPU
		{A9ECE01C-8E94-4798-B40E-A5AACB69576C}.Staging|Any CPU.Build.0 = Staging|Any CPU
		{A9ECE01C-8E94-4798-B40E-A5AACB69576C}.Training|Any CPU.ActiveCfg = Training|Any CPU
		{A9ECE01C-8E94-4798-B40E-A5AACB69576C}.Training|Any CPU.Build.0 = Training|Any CPU
	EndGlobalSection
	GlobalSection(SolutionProperties) = preSolution
		HideSolutionNode = FALSE
	EndGlobalSection
	GlobalSection(ExtensibilityGlobals) = postSolution
		SolutionGuid = {98BA959C-5681-4BB4-94CF-980F60513B35}
	EndGlobalSection
EndGlobal
